// !$*UTF8*$!
{
	archiveVersion = 1;
	classes = {
	};
	objectVersion = 46;
	objects = {

/* Begin PBXBuildFile section */
		BE45FBCC5F52BA99D2212C4E /* Pods_TestPodProject.framework in Frameworks */ = {isa = PBXBuildFile; fileRef = 6E6932EA7CDEB2A165B1088D /* Pods_TestPodProject.framework */; };
		D66CF77F1D5D7DCC000B74CD /* AppDelegate.swift in Sources */ = {isa = PBXBuildFile; fileRef = D66CF77E1D5D7DCC000B74CD /* AppDelegate.swift */; };
		D66CF7811D5D7DCC000B74CD /* ViewController.swift in Sources */ = {isa = PBXBuildFile; fileRef = D66CF7801D5D7DCC000B74CD /* ViewController.swift */; };
		D66CF7841D5D7DCC000B74CD /* Main.storyboard in Resources */ = {isa = PBXBuildFile; fileRef = D66CF7821D5D7DCC000B74CD /* Main.storyboard */; };
		D66CF7861D5D7DCC000B74CD /* Assets.xcassets in Resources */ = {isa = PBXBuildFile; fileRef = D66CF7851D5D7DCC000B74CD /* Assets.xcassets */; };
		D66CF7891D5D7DCC000B74CD /* LaunchScreen.storyboard in Resources */ = {isa = PBXBuildFile; fileRef = D66CF7871D5D7DCC000B74CD /* LaunchScreen.storyboard */; };
		D6D4CA9C1D5DA40C00B1AE51 /* HockeySDK.framework in Frameworks */ = {isa = PBXBuildFile; fileRef = D6D4CA9B1D5DA40C00B1AE51 /* HockeySDK.framework */; };
/* End PBXBuildFile section */

/* Begin PBXFileReference section */
		6E6932EA7CDEB2A165B1088D /* Pods_TestPodProject.framework */ = {isa = PBXFileReference; explicitFileType = wrapper.framework; includeInIndex = 0; path = Pods_TestPodProject.framework; sourceTree = BUILT_PRODUCTS_DIR; };
		99944014755A4F8AEE464709 /* Pods-TestPodProject.release.xcconfig */ = {isa = PBXFileReference; includeInIndex = 1; lastKnownFileType = text.xcconfig; name = "Pods-TestPodProject.release.xcconfig"; path = "Pods/Target Support Files/Pods-TestPodProject/Pods-TestPodProject.release.xcconfig"; sourceTree = "<group>"; };
		AD1B89DA3D9F40C7CB0F9DBE /* Pods-TestPodProject.debug.xcconfig */ = {isa = PBXFileReference; includeInIndex = 1; lastKnownFileType = text.xcconfig; name = "Pods-TestPodProject.debug.xcconfig"; path = "Pods/Target Support Files/Pods-TestPodProject/Pods-TestPodProject.debug.xcconfig"; sourceTree = "<group>"; };
		D66CF77B1D5D7DCC000B74CD /* TestPodProject.app */ = {isa = PBXFileReference; explicitFileType = wrapper.application; includeInIndex = 0; path = TestPodProject.app; sourceTree = BUILT_PRODUCTS_DIR; };
		D66CF77E1D5D7DCC000B74CD /* AppDelegate.swift */ = {isa = PBXFileReference; lastKnownFileType = sourcecode.swift; path = AppDelegate.swift; sourceTree = "<group>"; };
		D66CF7801D5D7DCC000B74CD /* ViewController.swift */ = {isa = PBXFileReference; lastKnownFileType = sourcecode.swift; path = ViewController.swift; sourceTree = "<group>"; };
		D66CF7831D5D7DCC000B74CD /* Base */ = {isa = PBXFileReference; lastKnownFileType = file.storyboard; name = Base; path = Base.lproj/Main.storyboard; sourceTree = "<group>"; };
		D66CF7851D5D7DCC000B74CD /* Assets.xcassets */ = {isa = PBXFileReference; lastKnownFileType = folder.assetcatalog; path = Assets.xcassets; sourceTree = "<group>"; };
		D66CF7881D5D7DCC000B74CD /* Base */ = {isa = PBXFileReference; lastKnownFileType = file.storyboard; name = Base; path = Base.lproj/LaunchScreen.storyboard; sourceTree = "<group>"; };
		D66CF78A1D5D7DCC000B74CD /* Info.plist */ = {isa = PBXFileReference; lastKnownFileType = text.plist.xml; path = Info.plist; sourceTree = "<group>"; };
		D6D4CA9B1D5DA40C00B1AE51 /* HockeySDK.framework */ = {isa = PBXFileReference; lastKnownFileType = wrapper.framework; name = HockeySDK.framework; path = "Vendor/HockeySDK-iOS/HockeySDK.embeddedframework/HockeySDK.framework"; sourceTree = "<group>"; };
/* End PBXFileReference section */

/* Begin PBXFrameworksBuildPhase section */
		D66CF7781D5D7DCC000B74CD /* Frameworks */ = {
			isa = PBXFrameworksBuildPhase;
			buildActionMask = 2147483647;
			files = (
				D6D4CA9C1D5DA40C00B1AE51 /* HockeySDK.framework in Frameworks */,
				BE45FBCC5F52BA99D2212C4E /* Pods_TestPodProject.framework in Frameworks */,
			);
			runOnlyForDeploymentPostprocessing = 0;
		};
/* End PBXFrameworksBuildPhase section */

/* Begin PBXGroup section */
		06EA9A3A8D731C6F58C052F0 /* Frameworks */ = {
			isa = PBXGroup;
			children = (
				6E6932EA7CDEB2A165B1088D /* Pods_TestPodProject.framework */,
			);
			name = Frameworks;
			sourceTree = "<group>";
		};
		C6D6F26959C30E6294459C5B /* Pods */ = {
			isa = PBXGroup;
			children = (
				AD1B89DA3D9F40C7CB0F9DBE /* Pods-TestPodProject.debug.xcconfig */,
				99944014755A4F8AEE464709 /* Pods-TestPodProject.release.xcconfig */,
			);
			name = Pods;
			sourceTree = "<group>";
		};
		D66CF7721D5D7DCC000B74CD = {
			isa = PBXGroup;
			children = (
				D6D4CA9A1D5DA3FE00B1AE51 /* Vendor */,
				D66CF77D1D5D7DCC000B74CD /* TestPodProject */,
				D66CF77C1D5D7DCC000B74CD /* Products */,
				C6D6F26959C30E6294459C5B /* Pods */,
				06EA9A3A8D731C6F58C052F0 /* Frameworks */,
			);
			sourceTree = "<group>";
		};
		D66CF77C1D5D7DCC000B74CD /* Products */ = {
			isa = PBXGroup;
			children = (
				D66CF77B1D5D7DCC000B74CD /* TestPodProject.app */,
			);
			name = Products;
			sourceTree = "<group>";
		};
		D66CF77D1D5D7DCC000B74CD /* TestPodProject */ = {
			isa = PBXGroup;
			children = (
				D66CF77E1D5D7DCC000B74CD /* AppDelegate.swift */,
				D66CF7801D5D7DCC000B74CD /* ViewController.swift */,
				D66CF7821D5D7DCC000B74CD /* Main.storyboard */,
				D66CF7851D5D7DCC000B74CD /* Assets.xcassets */,
				D66CF7871D5D7DCC000B74CD /* LaunchScreen.storyboard */,
				D66CF78A1D5D7DCC000B74CD /* Info.plist */,
			);
			path = TestPodProject;
			sourceTree = "<group>";
		};
		D6D4CA9A1D5DA3FE00B1AE51 /* Vendor */ = {
			isa = PBXGroup;
			children = (
				D6D4CA9B1D5DA40C00B1AE51 /* HockeySDK.framework */,
			);
			name = Vendor;
			sourceTree = "<group>";
		};
/* End PBXGroup section */

/* Begin PBXNativeTarget section */
		D66CF77A1D5D7DCC000B74CD /* TestPodProject */ = {
			isa = PBXNativeTarget;
			buildConfigurationList = D66CF78D1D5D7DCC000B74CD /* Build configuration list for PBXNativeTarget "TestPodProject" */;
			buildPhases = (
				6F3059181DD6D3A5B1567B99 /* [CP] Check Pods Manifest.lock */,
				D66CF7771D5D7DCC000B74CD /* Sources */,
				D66CF7781D5D7DCC000B74CD /* Frameworks */,
				D66CF7791D5D7DCC000B74CD /* Resources */,
				67297F1846CE26066F3505AC /* [CP] Embed Pods Frameworks */,
				92D40045353458458A553174 /* [CP] Copy Pods Resources */,
			);
			buildRules = (
			);
			dependencies = (
			);
			name = TestPodProject;
			productName = TestPodProject;
			productReference = D66CF77B1D5D7DCC000B74CD /* TestPodProject.app */;
			productType = "com.apple.product-type.application";
		};
/* End PBXNativeTarget section */

/* Begin PBXProject section */
		D66CF7731D5D7DCC000B74CD /* Project object */ = {
			isa = PBXProject;
			attributes = {
				LastSwiftUpdateCheck = 0730;
				LastUpgradeCheck = 0730;
				ORGANIZATIONNAME = TigerSpike;
				TargetAttributes = {
					D66CF77A1D5D7DCC000B74CD = {
						CreatedOnToolsVersion = 7.3;
						DevelopmentTeam = A6LZH3M2NF;
					};
				};
			};
			buildConfigurationList = D66CF7761D5D7DCC000B74CD /* Build configuration list for PBXProject "TestPodProject" */;
			compatibilityVersion = "Xcode 3.2";
			developmentRegion = English;
			hasScannedForEncodings = 0;
			knownRegions = (
				en,
				Base,
			);
			mainGroup = D66CF7721D5D7DCC000B74CD;
			productRefGroup = D66CF77C1D5D7DCC000B74CD /* Products */;
			projectDirPath = "";
			projectRoot = "";
			targets = (
				D66CF77A1D5D7DCC000B74CD /* TestPodProject */,
			);
		};
/* End PBXProject section */

/* Begin PBXResourcesBuildPhase section */
		D66CF7791D5D7DCC000B74CD /* Resources */ = {
			isa = PBXResourcesBuildPhase;
			buildActionMask = 2147483647;
			files = (
				D66CF7891D5D7DCC000B74CD /* LaunchScreen.storyboard in Resources */,
				D66CF7861D5D7DCC000B74CD /* Assets.xcassets in Resources */,
				D66CF7841D5D7DCC000B74CD /* Main.storyboard in Resources */,
			);
			runOnlyForDeploymentPostprocessing = 0;
		};
/* End PBXResourcesBuildPhase section */

/* Begin PBXShellScriptBuildPhase section */
		67297F1846CE26066F3505AC /* [CP] Embed Pods Frameworks */ = {
			isa = PBXShellScriptBuildPhase;
			buildActionMask = 2147483647;
			files = (
			);
			inputPaths = (
			);
			name = "[CP] Embed Pods Frameworks";
			outputPaths = (
			);
			runOnlyForDeploymentPostprocessing = 0;
			shellPath = /bin/sh;
			shellScript = "\"${SRCROOT}/Pods/Target Support Files/Pods-TestPodProject/Pods-TestPodProject-frameworks.sh\"\n";
			showEnvVarsInLog = 0;
		};
		6F3059181DD6D3A5B1567B99 /* [CP] Check Pods Manifest.lock */ = {
			isa = PBXShellScriptBuildPhase;
			buildActionMask = 2147483647;
			files = (
			);
			inputPaths = (
			);
			name = "[CP] Check Pods Manifest.lock";
			outputPaths = (
			);
			runOnlyForDeploymentPostprocessing = 0;
			shellPath = /bin/sh;
			shellScript = "diff \"${PODS_ROOT}/../Podfile.lock\" \"${PODS_ROOT}/Manifest.lock\" > /dev/null\nif [[ $? != 0 ]] ; then\n    cat << EOM\nerror: The sandbox is not in sync with the Podfile.lock. Run 'pod install' or update your CocoaPods installation.\nEOM\n    exit 1\nfi\n";
			showEnvVarsInLog = 0;
		};
		92D40045353458458A553174 /* [CP] Copy Pods Resources */ = {
			isa = PBXShellScriptBuildPhase;
			buildActionMask = 2147483647;
			files = (
			);
			inputPaths = (
			);
			name = "[CP] Copy Pods Resources";
			outputPaths = (
			);
			runOnlyForDeploymentPostprocessing = 0;
			shellPath = /bin/sh;
			shellScript = "\"${SRCROOT}/Pods/Target Support Files/Pods-TestPodProject/Pods-TestPodProject-resources.sh\"\n";
			showEnvVarsInLog = 0;
		};
/* End PBXShellScriptBuildPhase section */

/* Begin PBXSourcesBuildPhase section */
		D66CF7771D5D7DCC000B74CD /* Sources */ = {
			isa = PBXSourcesBuildPhase;
			buildActionMask = 2147483647;
			files = (
				D66CF7811D5D7DCC000B74CD /* ViewController.swift in Sources */,
				D66CF77F1D5D7DCC000B74CD /* AppDelegate.swift in Sources */,
			);
			runOnlyForDeploymentPostprocessing = 0;
		};
/* End PBXSourcesBuildPhase section */

/* Begin PBXVariantGroup section */
		D66CF7821D5D7DCC000B74CD /* Main.storyboard */ = {
			isa = PBXVariantGroup;
			children = (
				D66CF7831D5D7DCC000B74CD /* Base */,
			);
			name = Main.storyboard;
			sourceTree = "<group>";
		};
		D66CF7871D5D7DCC000B74CD /* LaunchScreen.storyboard */ = {
			isa = PBXVariantGroup;
			children = (
				D66CF7881D5D7DCC000B74CD /* Base */,
			);
			name = LaunchScreen.storyboard;
			sourceTree = "<group>";
		};
/* End PBXVariantGroup section */

/* Begin XCBuildConfiguration section */
		D66CF78B1D5D7DCC000B74CD /* Debug */ = {
			isa = XCBuildConfiguration;
			buildSettings = {
				ALWAYS_SEARCH_USER_PATHS = NO;
				CLANG_ANALYZER_NONNULL = YES;
				CLANG_CXX_LANGUAGE_STANDARD = "gnu++0x";
				CLANG_CXX_LIBRARY = "libc++";
				CLANG_ENABLE_MODULES = YES;
				CLANG_ENABLE_OBJC_ARC = YES;
				CLANG_WARN_BOOL_CONVERSION = YES;
				CLANG_WARN_CONSTANT_CONVERSION = YES;
				CLANG_WARN_DIRECT_OBJC_ISA_USAGE = YES_ERROR;
				CLANG_WARN_EMPTY_BODY = YES;
				CLANG_WARN_ENUM_CONVERSION = YES;
				CLANG_WARN_INT_CONVERSION = YES;
				CLANG_WARN_OBJC_ROOT_CLASS = YES_ERROR;
				CLANG_WARN_UNREACHABLE_CODE = YES;
				CLANG_WARN__DUPLICATE_METHOD_MATCH = YES;
				"CODE_SIGN_IDENTITY[sdk=iphoneos*]" = "iPhone Developer";
				COPY_PHASE_STRIP = NO;
				DEBUG_INFORMATION_FORMAT = dwarf;
				ENABLE_STRICT_OBJC_MSGSEND = YES;
				ENABLE_TESTABILITY = YES;
				GCC_C_LANGUAGE_STANDARD = gnu99;
				GCC_DYNAMIC_NO_PIC = NO;
				GCC_NO_COMMON_BLOCKS = YES;
				GCC_OPTIMIZATION_LEVEL = 0;
				GCC_PREPROCESSOR_DEFINITIONS = (
					"DEBUG=1",
					"$(inherited)",
				);
				GCC_WARN_64_TO_32_BIT_CONVERSION = YES;
				GCC_WARN_ABOUT_RETURN_TYPE = YES_ERROR;
				GCC_WARN_UNDECLARED_SELECTOR = YES;
				GCC_WARN_UNINITIALIZED_AUTOS = YES_AGGRESSIVE;
				GCC_WARN_UNUSED_FUNCTION = YES;
				GCC_WARN_UNUSED_VARIABLE = YES;
				IPHONEOS_DEPLOYMENT_TARGET = 9.3;
				MTL_ENABLE_DEBUG_INFO = YES;
				ONLY_ACTIVE_ARCH = YES;
				SDKROOT = iphoneos;
				SWIFT_OPTIMIZATION_LEVEL = "-Onone";
			};
			name = Debug;
		};
		D66CF78C1D5D7DCC000B74CD /* Release */ = {
			isa = XCBuildConfiguration;
			buildSettings = {
				ALWAYS_SEARCH_USER_PATHS = NO;
				CLANG_ANALYZER_NONNULL = YES;
				CLANG_CXX_LANGUAGE_STANDARD = "gnu++0x";
				CLANG_CXX_LIBRARY = "libc++";
				CLANG_ENABLE_MODULES = YES;
				CLANG_ENABLE_OBJC_ARC = YES;
				CLANG_WARN_BOOL_CONVERSION = YES;
				CLANG_WARN_CONSTANT_CONVERSION = YES;
				CLANG_WARN_DIRECT_OBJC_ISA_USAGE = YES_ERROR;
				CLANG_WARN_EMPTY_BODY = YES;
				CLANG_WARN_ENUM_CONVERSION = YES;
				CLANG_WARN_INT_CONVERSION = YES;
				CLANG_WARN_OBJC_ROOT_CLASS = YES_ERROR;
				CLANG_WARN_UNREACHABLE_CODE = YES;
				CLANG_WARN__DUPLICATE_METHOD_MATCH = YES;
				"CODE_SIGN_IDENTITY[sdk=iphoneos*]" = "iPhone Developer";
				COPY_PHASE_STRIP = NO;
				DEBUG_INFORMATION_FORMAT = "dwarf-with-dsym";
				ENABLE_NS_ASSERTIONS = NO;
				ENABLE_STRICT_OBJC_MSGSEND = YES;
				GCC_C_LANGUAGE_STANDARD = gnu99;
				GCC_NO_COMMON_BLOCKS = YES;
				GCC_WARN_64_TO_32_BIT_CONVERSION = YES;
				GCC_WARN_ABOUT_RETURN_TYPE = YES_ERROR;
				GCC_WARN_UNDECLARED_SELECTOR = YES;
				GCC_WARN_UNINITIALIZED_AUTOS = YES_AGGRESSIVE;
				GCC_WARN_UNUSED_FUNCTION = YES;
				GCC_WARN_UNUSED_VARIABLE = YES;
				IPHONEOS_DEPLOYMENT_TARGET = 9.3;
				MTL_ENABLE_DEBUG_INFO = NO;
				SDKROOT = iphoneos;
				VALIDATE_PRODUCT = YES;
			};
			name = Release;
		};
		D66CF78E1D5D7DCC000B74CD /* Debug */ = {
			isa = XCBuildConfiguration;
			baseConfigurationReference = AD1B89DA3D9F40C7CB0F9DBE /* Pods-TestPodProject.debug.xcconfig */;
			buildSettings = {
				ASSETCATALOG_COMPILER_APPICON_NAME = AppIcon;
				CODE_SIGN_IDENTITY = "iPhone Developer";
				FRAMEWORK_SEARCH_PATHS = (
					"$(inherited)",
					"$(PROJECT_DIR)/Vendor/HockeySDK-iOS/HockeySDK.embeddedframework",
				);
				INFOPLIST_FILE = TestPodProject/Info.plist;
				LD_RUNPATH_SEARCH_PATHS = "$(inherited) @executable_path/Frameworks";
				PRODUCT_BUNDLE_IDENTIFIER = com.MyApps.DemoApp;
				PRODUCT_NAME = "$(TARGET_NAME)";
			};
			name = Debug;
		};
		D66CF78F1D5D7DCC000B74CD /* Release */ = {
			isa = XCBuildConfiguration;
			baseConfigurationReference = 99944014755A4F8AEE464709 /* Pods-TestPodProject.release.xcconfig */;
			buildSettings = {
				ASSETCATALOG_COMPILER_APPICON_NAME = AppIcon;
				CODE_SIGN_IDENTITY = "iPhone Developer";
				FRAMEWORK_SEARCH_PATHS = (
					"$(inherited)",
					"$(PROJECT_DIR)/Vendor/HockeySDK-iOS/HockeySDK.embeddedframework",
				);
				INFOPLIST_FILE = TestPodProject/Info.plist;
				LD_RUNPATH_SEARCH_PATHS = "$(inherited) @executable_path/Frameworks";
				PRODUCT_BUNDLE_IDENTIFIER = com.MyApps.DemoApp;
				PRODUCT_NAME = "$(TARGET_NAME)";
			};
			name = Release;
		};
/* End XCBuildConfiguration section */

/* Begin XCConfigurationList section */
		D66CF7761D5D7DCC000B74CD /* Build configuration list for PBXProject "TestPodProject" */ = {
			isa = XCConfigurationList;
			buildConfigurations = (
				D66CF78B1D5D7DCC000B74CD /* Debug */,
				D66CF78C1D5D7DCC000B74CD /* Release */,
			);
			defaultConfigurationIsVisible = 0;
			defaultConfigurationName = Release;
		};
		D66CF78D1D5D7DCC000B74CD /* Build configuration list for PBXNativeTarget "TestPodProject" */ = {
			isa = XCConfigurationList;
			buildConfigurations = (
				D66CF78E1D5D7DCC000B74CD /* Debug */,
				D66CF78F1D5D7DCC000B74CD /* Release */,
			);
			defaultConfigurationIsVisible = 0;
			defaultConfigurationName = Release;
		};
/* End XCConfigurationList section */
	};
	rootObject = D66CF7731D5D7DCC000B74CD /* Project object */;
}
